
Microsoft Visual Studio Solution File, Format Version 12.00
# Visual Studio Version 16
VisualStudioVersion = 16.0.30114.105
MinimumVisualStudioVersion = 10.0.40219.1
Project("{FAE04EC0-301F-11D3-BF4B-00C04F79EFBC}") = "Projectmanager", "Projectmanager\Projectmanager.csproj", "{C27E3133-F558-4840-83E2-528AB7BBF5E0}"
EndProject
Global
	GlobalSection(SolutionConfigurationPlatforms) = preSolution
		Debug|Any CPU = Debug|Any CPU
		Release|Any CPU = Release|Any CPU
	EndGlobalSection
	GlobalSection(ProjectConfigurationPlatforms) = postSolution
		{C27E3133-F558-4840-83E2-528AB7BBF5E0}.Debug|Any CPU.ActiveCfg = Debug|Any CPU
		{C27E3133-F558-4840-83E2-528AB7BBF5E0}.Debug|Any CPU.Build.0 = Debug|Any CPU
		{C27E3133-F558-4840-83E2-528AB7BBF5E0}.Release|Any CPU.ActiveCfg = Release|Any CPU
		{C27E3133-F558-4840-83E2-528AB7BBF5E0}.Release|Any CPU.Build.0 = Release|Any CPU
	EndGlobalSection
	GlobalSection(SolutionProperties) = preSolution
		HideSolutionNode = FALSE
	EndGlobalSection
	GlobalSection(ExtensibilityGlobals) = postSolution
		SolutionGuid = {C3FF1D02-19DB-49FE-AE8C-01298EA290C9}
	EndGlobalSection
EndGlobal
